
Microsoft Visual Studio Solution File, Format Version 12.00
Project("{FAE04EC0-301F-11D3-BF4B-00C04F79EFBC}") = "OrleansHelloWorld.Silo", "HelloOrleans\OrleansHelloWorld.Silo\OrleansHelloWorld.Silo.csproj", "{13C4E3D5-042D-4AE4-B16F-267503ECB173}"
EndProject
Project("{2150E333-8FDC-42A3-9474-1A3956D46DE8}") = "HelloOrleans", "HelloOrleans", "{1B1E9286-8023-4921-AF11-36896A239C4C}"
EndProject
Project("{FAE04EC0-301F-11D3-BF4B-00C04F79EFBC}") = "OrleansHelloWorld.Client", "HelloOrleans\OrleansHelloWorld.Client\OrleansHelloWorld.Client.csproj", "{00795754-D479-4062-B4ED-7750F27FC0CD}"
EndProject
Project("{FAE04EC0-301F-11D3-BF4B-00C04F79EFBC}") = "OrleansHelloWorld.GrainInterfaces", "HelloOrleans\OrleansHelloWorld.GrainInterfaces\OrleansHelloWorld.GrainInterfaces.csproj", "{AA780954-E7A0-4090-B3C4-5AC357D117E8}"
EndProject
Project("{FAE04EC0-301F-11D3-BF4B-00C04F79EFBC}") = "OrleansHelloWorld.Grains", "HelloOrleans\OrleansHelloWorld.Grains\OrleansHelloWorld.Grains.csproj", "{3310052C-CE78-4622-B121-79DEBA787419}"
EndProject
Project("{2150E333-8FDC-42A3-9474-1A3956D46DE8}") = "NET9_Projects", "NET9_Projects", "{C85429E3-10C5-426A-89CB-8170C4605567}"
EndProject
Project("{FAE04EC0-301F-11D3-BF4B-00C04F79EFBC}") = "Net9OrleansHelloWorld.Client", "NET9_Projects\Net9OrleansHelloWorld.Client\Net9OrleansHelloWorld.Client.csproj", "{AEE4AD45-326E-4CA5-AF83-4167A416BEDC}"
EndProject
Global
	GlobalSection(SolutionConfigurationPlatforms) = preSolution
		Debug|Any CPU = Debug|Any CPU
		Release|Any CPU = Release|Any CPU
	EndGlobalSection
	GlobalSection(ProjectConfigurationPlatforms) = postSolution
		{13C4E3D5-042D-4AE4-B16F-267503ECB173}.Debug|Any CPU.ActiveCfg = Debug|Any CPU
		{13C4E3D5-042D-4AE4-B16F-267503ECB173}.Debug|Any CPU.Build.0 = Debug|Any CPU
		{13C4E3D5-042D-4AE4-B16F-267503ECB173}.Release|Any CPU.ActiveCfg = Release|Any CPU
		{13C4E3D5-042D-4AE4-B16F-267503ECB173}.Release|Any CPU.Build.0 = Release|Any CPU
		{00795754-D479-4062-B4ED-7750F27FC0CD}.Debug|Any CPU.ActiveCfg = Debug|Any CPU
		{00795754-D479-4062-B4ED-7750F27FC0CD}.Debug|Any CPU.Build.0 = Debug|Any CPU
		{00795754-D479-4062-B4ED-7750F27FC0CD}.Release|Any CPU.ActiveCfg = Release|Any CPU
		{00795754-D479-4062-B4ED-7750F27FC0CD}.Release|Any CPU.Build.0 = Release|Any CPU
		{AA780954-E7A0-4090-B3C4-5AC357D117E8}.Debug|Any CPU.ActiveCfg = Debug|Any CPU
		{AA780954-E7A0-4090-B3C4-5AC357D117E8}.Debug|Any CPU.Build.0 = Debug|Any CPU
		{AA780954-E7A0-4090-B3C4-5AC357D117E8}.Release|Any CPU.ActiveCfg = Release|Any CPU
		{AA780954-E7A0-4090-B3C4-5AC357D117E8}.Release|Any CPU.Build.0 = Release|Any CPU
		{3310052C-CE78-4622-B121-79DEBA787419}.Debug|Any CPU.ActiveCfg = Debug|Any CPU
		{3310052C-CE78-4622-B121-79DEBA787419}.Debug|Any CPU.Build.0 = Debug|Any CPU
		{3310052C-CE78-4622-B121-79DEBA787419}.Release|Any CPU.ActiveCfg = Release|Any CPU
		{3310052C-CE78-4622-B121-79DEBA787419}.Release|Any CPU.Build.0 = Release|Any CPU
		{AEE4AD45-326E-4CA5-AF83-4167A416BEDC}.Debug|Any CPU.ActiveCfg = Debug|Any CPU
		{AEE4AD45-326E-4CA5-AF83-4167A416BEDC}.Debug|Any CPU.Build.0 = Debug|Any CPU
		{AEE4AD45-326E-4CA5-AF83-4167A416BEDC}.Release|Any CPU.ActiveCfg = Release|Any CPU
		{AEE4AD45-326E-4CA5-AF83-4167A416BEDC}.Release|Any CPU.Build.0 = Release|Any CPU
	EndGlobalSection
	GlobalSection(NestedProjects) = preSolution
		{13C4E3D5-042D-4AE4-B16F-267503ECB173} = {1B1E9286-8023-4921-AF11-36896A239C4C}
		{00795754-D479-4062-B4ED-7750F27FC0CD} = {1B1E9286-8023-4921-AF11-36896A239C4C}
		{AA780954-E7A0-4090-B3C4-5AC357D117E8} = {1B1E9286-8023-4921-AF11-36896A239C4C}
		{3310052C-CE78-4622-B121-79DEBA787419} = {1B1E9286-8023-4921-AF11-36896A239C4C}
		{AEE4AD45-326E-4CA5-AF83-4167A416BEDC} = {C85429E3-10C5-426A-89CB-8170C4605567}
	EndGlobalSection
EndGlobal
